
Microsoft Visual Studio Solution File, Format Version 12.00
# Visual Studio 2013
VisualStudioVersion = 12.0.30501.0
MinimumVisualStudioVersion = 10.0.40219.1
Project("{FAE04EC0-301F-11D3-BF4B-00C04F79EFBC}") = "UnitTestWebApiController", "UnitTestWebApiController\UnitTestWebApiController.csproj", "{FD99AFC3-0831-42AD-8718-2DEA2A053E5B}"
EndProject
Project("{FAE04EC0-301F-11D3-BF4B-00C04F79EFBC}") = "UnitTestWebApiController.Tests", "UnitTestWebApiController.Tests\UnitTestWebApiController.Tests.csproj", "{6456A2A2-B691-4524-8F3A-A2570DEE8F92}"
EndProject
Global
	GlobalSection(SolutionConfigurationPlatforms) = preSolution
		Debug|Any CPU = Debug|Any CPU
		Release|Any CPU = Release|Any CPU
	EndGlobalSection
	GlobalSection(ProjectConfigurationPlatforms) = postSolution
		{FD99AFC3-0831-42AD-8718-2DEA2A053E5B}.Debug|Any CPU.ActiveCfg = Debug|Any CPU
		{FD99AFC3-0831-42AD-8718-2DEA2A053E5B}.Debug|Any CPU.Build.0 = Debug|Any CPU
		{FD99AFC3-0831-42AD-8718-2DEA2A053E5B}.Release|Any CPU.ActiveCfg = Release|Any CPU
		{FD99AFC3-0831-42AD-8718-2DEA2A053E5B}.Release|Any CPU.Build.0 = Release|Any CPU
		{6456A2A2-B691-4524-8F3A-A2570DEE8F92}.Debug|Any CPU.ActiveCfg = Debug|Any CPU
		{6456A2A2-B691-4524-8F3A-A2570DEE8F92}.Debug|Any CPU.Build.0 = Debug|Any CPU
		{6456A2A2-B691-4524-8F3A-A2570DEE8F92}.Release|Any CPU.ActiveCfg = Release|Any CPU
		{6456A2A2-B691-4524-8F3A-A2570DEE8F92}.Release|Any CPU.Build.0 = Release|Any CPU
	EndGlobalSection
	GlobalSection(SolutionProperties) = preSolution
		HideSolutionNode = FALSE
	EndGlobalSection
EndGlobal
